
Microsoft Visual Studio Solution File, Format Version 12.00
# Visual Studio 15
VisualStudioVersion = 15.0.28010.2016
MinimumVisualStudioVersion = 10.0.40219.1
Project("{FAE04EC0-301F-11D3-BF4B-00C04F79EFBC}") = "HelloWorld", "HelloWorld\HelloWorld.csproj", "{99B8E3E4-1CFD-40C3-AA02-4F7681A6C014}"
EndProject
Global
	GlobalSection(SolutionConfigurationPlatforms) = preSolution
		Debug|Any CPU = Debug|Any CPU
		Release|Any CPU = Release|Any CPU
	EndGlobalSection
	GlobalSection(ProjectConfigurationPlatforms) = postSolution
		{99B8E3E4-1CFD-40C3-AA02-4F7681A6C014}.Debug|Any CPU.ActiveCfg = Debug|Any CPU
		{99B8E3E4-1CFD-40C3-AA02-4F7681A6C014}.Debug|Any CPU.Build.0 = Debug|Any CPU
		{99B8E3E4-1CFD-40C3-AA02-4F7681A6C014}.Release|Any CPU.ActiveCfg = Release|Any CPU
		{99B8E3E4-1CFD-40C3-AA02-4F7681A6C014}.Release|Any CPU.Build.0 = Release|Any CPU
	EndGlobalSection
	GlobalSection(SolutionProperties) = preSolution
		HideSolutionNode = FALSE
	EndGlobalSection
	GlobalSection(ExtensibilityGlobals) = postSolution
		SolutionGuid = {891B8FD9-8FBE-429E-89AB-DD687538BF61}
	EndGlobalSection
EndGlobal
